
Microsoft Visual Studio Solution File, Format Version 12.00
# Visual Studio Version 16
VisualStudioVersion = 16.0.30611.23
MinimumVisualStudioVersion = 10.0.40219.1
Project("{FAE04EC0-301F-11D3-BF4B-00C04F79EFBC}") = "Open-Lab-10.00", "Open-Lab-10.00\Open-Lab-10.00.csproj", "{D6278006-A05D-4734-BC12-88BFF7A80C5D}"
EndProject
Global
	GlobalSection(SolutionConfigurationPlatforms) = preSolution
		Debug|Any CPU = Debug|Any CPU
		Release|Any CPU = Release|Any CPU
	EndGlobalSection
	GlobalSection(ProjectConfigurationPlatforms) = postSolution
		{D6278006-A05D-4734-BC12-88BFF7A80C5D}.Debug|Any CPU.ActiveCfg = Debug|Any CPU
		{D6278006-A05D-4734-BC12-88BFF7A80C5D}.Debug|Any CPU.Build.0 = Debug|Any CPU
		{D6278006-A05D-4734-BC12-88BFF7A80C5D}.Release|Any CPU.ActiveCfg = Release|Any CPU
		{D6278006-A05D-4734-BC12-88BFF7A80C5D}.Release|Any CPU.Build.0 = Release|Any CPU
	EndGlobalSection
	GlobalSection(SolutionProperties) = preSolution
		HideSolutionNode = FALSE
	EndGlobalSection
	GlobalSection(ExtensibilityGlobals) = postSolution
		SolutionGuid = {DDC3E357-A89A-488D-AE7F-EBA6E200A3B9}
	EndGlobalSection
EndGlobal
